
Microsoft Visual Studio Solution File, Format Version 12.00
# Visual Studio 15
VisualStudioVersion = 15.0.28307.421
MinimumVisualStudioVersion = 10.0.40219.1
Project("{FAE04EC0-301F-11D3-BF4B-00C04F79EFBC}") = "Xamarin_Todos.Android", "Xamarin_Todos\Xamarin_Todos.Android\Xamarin_Todos.Android.csproj", "{AB4D068A-7839-419D-AC36-7FAE1672653B}"
EndProject
Project("{FAE04EC0-301F-11D3-BF4B-00C04F79EFBC}") = "Xamarin_Todos.iOS", "Xamarin_Todos\Xamarin_Todos.iOS\Xamarin_Todos.iOS.csproj", "{8583B590-5EB9-4C07-B860-01401E8BE589}"
EndProject
Project("{FAE04EC0-301F-11D3-BF4B-00C04F79EFBC}") = "Xamarin_Todos.UWP", "Xamarin_Todos\Xamarin_Todos.UWP\Xamarin_Todos.UWP.csproj", "{A7094BBB-D402-4F9B-82C2-4A06D2E7032C}"
EndProject
Project("{FAE04EC0-301F-11D3-BF4B-00C04F79EFBC}") = "Xamarin_Todos", "Xamarin_Todos\Xamarin_Todos\Xamarin_Todos.csproj", "{CB589715-B8A6-4CA9-80E2-9B9ED005016C}"
EndProject
Global
	GlobalSection(SolutionConfigurationPlatforms) = preSolution
		Ad-Hoc|Any CPU = Ad-Hoc|Any CPU
		Ad-Hoc|ARM = Ad-Hoc|ARM
		Ad-Hoc|iPhone = Ad-Hoc|iPhone
		Ad-Hoc|iPhoneSimulator = Ad-Hoc|iPhoneSimulator
		Ad-Hoc|x64 = Ad-Hoc|x64
		Ad-Hoc|x86 = Ad-Hoc|x86
		AppStore|Any CPU = AppStore|Any CPU
		AppStore|ARM = AppStore|ARM
		AppStore|iPhone = AppStore|iPhone
		AppStore|iPhoneSimulator = AppStore|iPhoneSimulator
		AppStore|x64 = AppStore|x64
		AppStore|x86 = AppStore|x86
		Debug|Any CPU = Debug|Any CPU
		Debug|ARM = Debug|ARM
		Debug|iPhone = Debug|iPhone
		Debug|iPhoneSimulator = Debug|iPhoneSimulator
		Debug|x64 = Debug|x64
		Debug|x86 = Debug|x86
		Release|Any CPU = Release|Any CPU
		Release|ARM = Release|ARM
		Release|iPhone = Release|iPhone
		Release|iPhoneSimulator = Release|iPhoneSimulator
		Release|x64 = Release|x64
		Release|x86 = Release|x86
	EndGlobalSection
	GlobalSection(ProjectConfigurationPlatforms) = postSolution
		{AB4D068A-7839-419D-AC36-7FAE1672653B}.Ad-Hoc|Any CPU.ActiveCfg = Release|Any CPU
		{AB4D068A-7839-419D-AC36-7FAE1672653B}.Ad-Hoc|Any CPU.Build.0 = Release|Any CPU
		{AB4D068A-7839-419D-AC36-7FAE1672653B}.Ad-Hoc|Any CPU.Deploy.0 = Release|Any CPU
		{AB4D068A-7839-419D-AC36-7FAE1672653B}.Ad-Hoc|ARM.ActiveCfg = Release|Any CPU
		{AB4D068A-7839-419D-AC36-7FAE1672653B}.Ad-Hoc|ARM.Build.0 = Release|Any CPU
		{AB4D068A-7839-419D-AC36-7FAE1672653B}.Ad-Hoc|ARM.Deploy.0 = Release|Any CPU
		{AB4D068A-7839-419D-AC36-7FAE1672653B}.Ad-Hoc|iPhone.ActiveCfg = Release|Any CPU
		{AB4D068A-7839-419D-AC36-7FAE1672653B}.Ad-Hoc|iPhone.Build.0 = Release|Any CPU
		{AB4D068A-7839-419D-AC36-7FAE1672653B}.Ad-Hoc|iPhone.Deploy.0 = Release|Any CPU
		{AB4D068A-7839-419D-AC36-7FAE1672653B}.Ad-Hoc|iPhoneSimulator.ActiveCfg = Release|Any CPU
		{AB4D068A-7839-419D-AC36-7FAE1672653B}.Ad-Hoc|iPhoneSimulator.Build.0 = Release|Any CPU
		{AB4D068A-7839-419D-AC36-7FAE1672653B}.Ad-Hoc|iPhoneSimulator.Deploy.0 = Release|Any CPU
		{AB4D068A-7839-419D-AC36-7FAE1672653B}.Ad-Hoc|x64.ActiveCfg = Release|Any CPU
		{AB4D068A-7839-419D-AC36-7FAE1672653B}.Ad-Hoc|x64.Build.0 = Release|Any CPU
		{AB4D068A-7839-419D-AC36-7FAE1672653B}.Ad-Hoc|x64.Deploy.0 = Release|Any CPU
		{AB4D068A-7839-419D-AC36-7FAE1672653B}.Ad-Hoc|x86.ActiveCfg = Release|Any CPU
		{AB4D068A-7839-419D-AC36-7FAE1672653B}.Ad-Hoc|x86.Build.0 = Release|Any CPU
		{AB4D068A-7839-419D-AC36-7FAE1672653B}.Ad-Hoc|x86.Deploy.0 = Release|Any CPU
		{AB4D068A-7839-419D-AC36-7FAE1672653B}.AppStore|Any CPU.ActiveCfg = Release|Any CPU
		{AB4D068A-7839-419D-AC36-7FAE1672653B}.AppStore|Any CPU.Build.0 = Release|Any CPU
		{AB4D068A-7839-419D-AC36-7FAE1672653B}.AppStore|Any CPU.Deploy.0 = Release|Any CPU
		{AB4D068A-7839-419D-AC36-7FAE1672653B}.AppStore|ARM.ActiveCfg = Release|Any CPU
		{AB4D068A-7839-419D-AC36-7FAE1672653B}.AppStore|ARM.Build.0 = Release|Any CPU
		{AB4D068A-7839-419D-AC36-7FAE1672653B}.AppStore|ARM.Deploy.0 = Release|Any CPU
		{AB4D068A-7839-419D-AC36-7FAE1672653B}.AppStore|iPhone.ActiveCfg = Release|Any CPU
		{AB4D068A-7839-419D-AC36-7FAE1672653B}.AppStore|iPhone.Build.0 = Release|Any CPU
		{AB4D068A-7839-419D-AC36-7FAE1672653B}.AppStore|iPhone.Deploy.0 = Release|Any CPU
		{AB4D068A-7839-419D-AC36-7FAE1672653B}.AppStore|iPhoneSimulator.ActiveCfg = Release|Any CPU
		{AB4D068A-7839-419D-AC36-7FAE1672653B}.AppStore|iPhoneSimulator.Build.0 = Release|Any CPU
		{AB4D068A-7839-419D-AC36-7FAE1672653B}.AppStore|iPhoneSimulator.Deploy.0 = Release|Any CPU
		{AB4D068A-7839-419D-AC36-7FAE1672653B}.AppStore|x64.ActiveCfg = Release|Any CPU
		{AB4D068A-7839-419D-AC36-7FAE1672653B}.AppStore|x64.Build.0 = Release|Any CPU
		{AB4D068A-7839-419D-AC36-7FAE1672653B}.AppStore|x64.Deploy.0 = Release|Any CPU
		{AB4D068A-7839-419D-AC36-7FAE1672653B}.AppStore|x86.ActiveCfg = Release|Any CPU
		{AB4D068A-7839-419D-AC36-7FAE1672653B}.AppStore|x86.Build.0 = Release|Any CPU
		{AB4D068A-7839-419D-AC36-7FAE1672653B}.AppStore|x86.Deploy.0 = Release|Any CPU
		{AB4D068A-7839-419D-AC36-7FAE1672653B}.Debug|Any CPU.ActiveCfg = Debug|Any CPU
		{AB4D068A-7839-419D-AC36-7FAE1672653B}.Debug|Any CPU.Build.0 = Debug|Any CPU
		{AB4D068A-7839-419D-AC36-7FAE1672653B}.Debug|Any CPU.Deploy.0 = Debug|Any CPU
		{AB4D068A-7839-419D-AC36-7FAE1672653B}.Debug|ARM.ActiveCfg = Debug|Any CPU
		{AB4D068A-7839-419D-AC36-7FAE1672653B}.Debug|ARM.Build.0 = Debug|Any CPU
		{AB4D068A-7839-419D-AC36-7FAE1672653B}.Debug|ARM.Deploy.0 = Debug|Any CPU
		{AB4D068A-7839-419D-AC36-7FAE1672653B}.Debug|iPhone.ActiveCfg = Debug|Any CPU
		{AB4D068A-7839-419D-AC36-7FAE1672653B}.Debug|iPhone.Build.0 = Debug|Any CPU
		{AB4D068A-7839-419D-AC36-7FAE1672653B}.Debug|iPhone.Deploy.0 = Debug|Any CPU
		{AB4D068A-7839-419D-AC36-7FAE1672653B}.Debug|iPhoneSimulator.ActiveCfg = Debug|Any CPU
		{AB4D068A-7839-419D-AC36-7FAE1672653B}.Debug|iPhoneSimulator.Build.0 = Debug|Any CPU
		{AB4D068A-7839-419D-AC36-7FAE1672653B}.Debug|iPhoneSimulator.Deploy.0 = Debug|Any CPU
		{AB4D068A-7839-419D-AC36-7FAE1672653B}.Debug|x64.ActiveCfg = Debug|Any CPU
		{AB4D068A-7839-419D-AC36-7FAE1672653B}.Debug|x64.Build.0 = Debug|Any CPU
		{AB4D068A-7839-419D-AC36-7FAE1672653B}.Debug|x64.Deploy.0 = Debug|Any CPU
		{AB4D068A-7839-419D-AC36-7FAE1672653B}.Debug|x86.ActiveCfg = Debug|Any CPU
		{AB4D068A-7839-419D-AC36-7FAE1672653B}.Debug|x86.Build.0 = Debug|Any CPU
		{AB4D068A-7839-419D-AC36-7FAE1672653B}.Debug|x86.Deploy.0 = Debug|Any CPU
		{AB4D068A-7839-419D-AC36-7FAE1672653B}.Release|Any CPU.ActiveCfg = Release|Any CPU
		{AB4D068A-7839-419D-AC36-7FAE1672653B}.Release|Any CPU.Build.0 = Release|Any CPU
		{AB4D068A-7839-419D-AC36-7FAE1672653B}.Release|Any CPU.Deploy.0 = Release|Any CPU
		{AB4D068A-7839-419D-AC36-7FAE1672653B}.Release|ARM.ActiveCfg = Release|Any CPU
		{AB4D068A-7839-419D-AC36-7FAE1672653B}.Release|ARM.Build.0 = Release|Any CPU
		{AB4D068A-7839-419D-AC36-7FAE1672653B}.Release|ARM.Deploy.0 = Release|Any CPU
		{AB4D068A-7839-419D-AC36-7FAE1672653B}.Release|iPhone.ActiveCfg = Release|Any CPU
		{AB4D068A-7839-419D-AC36-7FAE1672653B}.Release|iPhone.Build.0 = Release|Any CPU
		{AB4D068A-7839-419D-AC36-7FAE1672653B}.Release|iPhone.Deploy.0 = Release|Any CPU
		{AB4D068A-7839-419D-AC36-7FAE1672653B}.Release|iPhoneSimulator.ActiveCfg = Release|Any CPU
		{AB4D068A-7839-419D-AC36-7FAE1672653B}.Release|iPhoneSimulator.Build.0 = Release|Any CPU
		{AB4D068A-7839-419D-AC36-7FAE1672653B}.Release|iPhoneSimulator.Deploy.0 = Release|Any CPU
		{AB4D068A-7839-419D-AC36-7FAE1672653B}.Release|x64.ActiveCfg = Release|Any CPU
		{AB4D068A-7839-419D-AC36-7FAE1672653B}.Release|x64.Build.0 = Release|Any CPU
		{AB4D068A-7839-419D-AC36-7FAE1672653B}.Release|x64.Deploy.0 = Release|Any CPU
		{AB4D068A-7839-419D-AC36-7FAE1672653B}.Release|x86.ActiveCfg = Release|Any CPU
		{AB4D068A-7839-419D-AC36-7FAE1672653B}.Release|x86.Build.0 = Release|Any CPU
		{AB4D068A-7839-419D-AC36-7FAE1672653B}.Release|x86.Deploy.0 = Release|Any CPU
		{8583B590-5EB9-4C07-B860-01401E8BE589}.Ad-Hoc|Any CPU.ActiveCfg = Ad-Hoc|iPhone
		{8583B590-5EB9-4C07-B860-01401E8BE589}.Ad-Hoc|Any CPU.Build.0 = Ad-Hoc|iPhone
		{8583B590-5EB9-4C07-B860-01401E8BE589}.Ad-Hoc|Any CPU.Deploy.0 = Ad-Hoc|iPhone
		{8583B590-5EB9-4C07-B860-01401E8BE589}.Ad-Hoc|ARM.ActiveCfg = Ad-Hoc|iPhone
		{8583B590-5EB9-4C07-B860-01401E8BE589}.Ad-Hoc|ARM.Build.0 = Ad-Hoc|iPhone
		{8583B590-5EB9-4C07-B860-01401E8BE589}.Ad-Hoc|ARM.Deploy.0 = Ad-Hoc|iPhone
		{8583B590-5EB9-4C07-B860-01401E8BE589}.Ad-Hoc|iPhone.ActiveCfg = Ad-Hoc|iPhone
		{8583B590-5EB9-4C07-B860-01401E8BE589}.Ad-Hoc|iPhone.Build.0 = Ad-Hoc|iPhone
		{8583B590-5EB9-4C07-B860-01401E8BE589}.Ad-Hoc|iPhone.Deploy.0 = Ad-Hoc|iPhone
		{8583B590-5EB9-4C07-B860-01401E8BE589}.Ad-Hoc|iPhoneSimulator.ActiveCfg = Ad-Hoc|iPhoneSimulator
		{8583B590-5EB9-4C07-B860-01401E8BE589}.Ad-Hoc|iPhoneSimulator.Build.0 = Ad-Hoc|iPhoneSimulator
		{8583B590-5EB9-4C07-B860-01401E8BE589}.Ad-Hoc|iPhoneSimulator.Deploy.0 = Ad-Hoc|iPhoneSimulator
		{8583B590-5EB9-4C07-B860-01401E8BE589}.Ad-Hoc|x64.ActiveCfg = Ad-Hoc|iPhone
		{8583B590-5EB9-4C07-B860-01401E8BE589}.Ad-Hoc|x64.Build.0 = Ad-Hoc|iPhone
		{8583B590-5EB9-4C07-B860-01401E8BE589}.Ad-Hoc|x64.Deploy.0 = Ad-Hoc|iPhone
		{8583B590-5EB9-4C07-B860-01401E8BE589}.Ad-Hoc|x86.ActiveCfg = Ad-Hoc|iPhone
		{8583B590-5EB9-4C07-B860-01401E8BE589}.Ad-Hoc|x86.Build.0 = Ad-Hoc|iPhone
		{8583B590-5EB9-4C07-B860-01401E8BE589}.Ad-Hoc|x86.Deploy.0 = Ad-Hoc|iPhone
		{8583B590-5EB9-4C07-B860-01401E8BE589}.AppStore|Any CPU.ActiveCfg = AppStore|iPhone
		{8583B590-5EB9-4C07-B860-01401E8BE589}.AppStore|Any CPU.Build.0 = AppStore|iPhone
		{8583B590-5EB9-4C07-B860-01401E8BE589}.AppStore|Any CPU.Deploy.0 = AppStore|iPhone
		{8583B590-5EB9-4C07-B860-01401E8BE589}.AppStore|ARM.ActiveCfg = AppStore|iPhone
		{8583B590-5EB9-4C07-B860-01401E8BE589}.AppStore|ARM.Build.0 = AppStore|iPhone
		{8583B590-5EB9-4C07-B860-01401E8BE589}.AppStore|ARM.Deploy.0 = AppStore|iPhone
		{8583B590-5EB9-4C07-B860-01401E8BE589}.AppStore|iPhone.ActiveCfg = AppStore|iPhone
		{8583B590-5EB9-4C07-B860-01401E8BE589}.AppStore|iPhone.Build.0 = AppStore|iPhone
		{8583B590-5EB9-4C07-B860-01401E8BE589}.AppStore|iPhone.Deploy.0 = AppStore|iPhone
		{8583B590-5EB9-4C07-B860-01401E8BE589}.AppStore|iPhoneSimulator.ActiveCfg = AppStore|iPhoneSimulator
		{8583B590-5EB9-4C07-B860-01401E8BE589}.AppStore|iPhoneSimulator.Build.0 = AppStore|iPhoneSimulator
		{8583B590-5EB9-4C07-B860-01401E8BE589}.AppStore|iPhoneSimulator.Deploy.0 = AppStore|iPhoneSimulator
		{8583B590-5EB9-4C07-B860-01401E8BE589}.AppStore|x64.ActiveCfg = AppStore|iPhone
		{8583B590-5EB9-4C07-B860-01401E8BE589}.AppStore|x64.Build.0 = AppStore|iPhone
		{8583B590-5EB9-4C07-B860-01401E8BE589}.AppStore|x64.Deploy.0 = AppStore|iPhone
		{8583B590-5EB9-4C07-B860-01401E8BE589}.AppStore|x86.ActiveCfg = AppStore|iPhone
		{8583B590-5EB9-4C07-B860-01401E8BE589}.AppStore|x86.Build.0 = AppStore|iPhone
		{8583B590-5EB9-4C07-B860-01401E8BE589}.AppStore|x86.Deploy.0 = AppStore|iPhone
		{8583B590-5EB9-4C07-B860-01401E8BE589}.Debug|Any CPU.ActiveCfg = Debug|iPhoneSimulator
		{8583B590-5EB9-4C07-B860-01401E8BE589}.Debug|Any CPU.Build.0 = Debug|iPhoneSimulator
		{8583B590-5EB9-4C07-B860-01401E8BE589}.Debug|Any CPU.Deploy.0 = Debug|iPhoneSimulator
		{8583B590-5EB9-4C07-B860-01401E8BE589}.Debug|ARM.ActiveCfg = Debug|iPhone
		{8583B590-5EB9-4C07-B860-01401E8BE589}.Debug|ARM.Build.0 = Debug|iPhone
		{8583B590-5EB9-4C07-B860-01401E8BE589}.Debug|ARM.Deploy.0 = Debug|iPhone
		{8583B590-5EB9-4C07-B860-01401E8BE589}.Debug|iPhone.ActiveCfg = Debug|iPhone
		{8583B590-5EB9-4C07-B860-01401E8BE589}.Debug|iPhone.Build.0 = Debug|iPhone
		{8583B590-5EB9-4C07-B860-01401E8BE589}.Debug|iPhone.Deploy.0 = Debug|iPhone
		{8583B590-5EB9-4C07-B860-01401E8BE589}.Debug|iPhoneSimulator.ActiveCfg = Debug|iPhoneSimulator
		{8583B590-5EB9-4C07-B860-01401E8BE589}.Debug|iPhoneSimulator.Build.0 = Debug|iPhoneSimulator
		{8583B590-5EB9-4C07-B860-01401E8BE589}.Debug|iPhoneSimulator.Deploy.0 = Debug|iPhoneSimulator
		{8583B590-5EB9-4C07-B860-01401E8BE589}.Debug|x64.ActiveCfg = Debug|iPhone
		{8583B590-5EB9-4C07-B860-01401E8BE589}.Debug|x64.Build.0 = Debug|iPhone
		{8583B590-5EB9-4C07-B860-01401E8BE589}.Debug|x64.Deploy.0 = Debug|iPhone
		{8583B590-5EB9-4C07-B860-01401E8BE589}.Debug|x86.ActiveCfg = Debug|iPhone
		{8583B590-5EB9-4C07-B860-01401E8BE589}.Debug|x86.Build.0 = Debug|iPhone
		{8583B590-5EB9-4C07-B860-01401E8BE589}.Debug|x86.Deploy.0 = Debug|iPhone
		{8583B590-5EB9-4C07-B860-01401E8BE589}.Release|Any CPU.ActiveCfg = Release|iPhone
		{8583B590-5EB9-4C07-B860-01401E8BE589}.Release|Any CPU.Build.0 = Release|iPhone
		{8583B590-5EB9-4C07-B860-01401E8BE589}.Release|Any CPU.Deploy.0 = Release|iPhone
		{8583B590-5EB9-4C07-B860-01401E8BE589}.Release|ARM.ActiveCfg = Release|iPhone
		{8583B590-5EB9-4C07-B860-01401E8BE589}.Release|ARM.Build.0 = Release|iPhone
		{8583B590-5EB9-4C07-B860-01401E8BE589}.Release|ARM.Deploy.0 = Release|iPhone
		{8583B590-5EB9-4C07-B860-01401E8BE589}.Release|iPhone.ActiveCfg = Release|iPhone
		{8583B590-5EB9-4C07-B860-01401E8BE589}.Release|iPhone.Build.0 = Release|iPhone
		{8583B590-5EB9-4C07-B860-01401E8BE589}.Release|iPhone.Deploy.0 = Release|iPhone
		{8583B590-5EB9-4C07-B860-01401E8BE589}.Release|iPhoneSimulator.ActiveCfg = Release|iPhoneSimulator
		{8583B590-5EB9-4C07-B860-01401E8BE589}.Release|iPhoneSimulator.Build.0 = Release|iPhoneSimulator
		{8583B590-5EB9-4C07-B860-01401E8BE589}.Release|iPhoneSimulator.Deploy.0 = Release|iPhoneSimulator
		{8583B590-5EB9-4C07-B860-01401E8BE589}.Release|x64.ActiveCfg = Release|iPhone
		{8583B590-5EB9-4C07-B860-01401E8BE589}.Release|x64.Build.0 = Release|iPhone
		{8583B590-5EB9-4C07-B860-01401E8BE589}.Release|x64.Deploy.0 = Release|iPhone
		{8583B590-5EB9-4C07-B860-01401E8BE589}.Release|x86.ActiveCfg = Release|iPhone
		{8583B590-5EB9-4C07-B860-01401E8BE589}.Release|x86.Build.0 = Release|iPhone
		{8583B590-5EB9-4C07-B860-01401E8BE589}.Release|x86.Deploy.0 = Release|iPhone
		{A7094BBB-D402-4F9B-82C2-4A06D2E7032C}.Ad-Hoc|Any CPU.ActiveCfg = Release|x86
		{A7094BBB-D402-4F9B-82C2-4A06D2E7032C}.Ad-Hoc|Any CPU.Build.0 = Release|x86
		{A7094BBB-D402-4F9B-82C2-4A06D2E7032C}.Ad-Hoc|Any CPU.Deploy.0 = Release|x86
		{A7094BBB-D402-4F9B-82C2-4A06D2E7032C}.Ad-Hoc|ARM.ActiveCfg = Release|ARM
		{A7094BBB-D402-4F9B-82C2-4A06D2E7032C}.Ad-Hoc|ARM.Build.0 = Release|ARM
		{A7094BBB-D402-4F9B-82C2-4A06D2E7032C}.Ad-Hoc|ARM.Deploy.0 = Release|ARM
		{A7094BBB-D402-4F9B-82C2-4A06D2E7032C}.Ad-Hoc|iPhone.ActiveCfg = Release|x86
		{A7094BBB-D402-4F9B-82C2-4A06D2E7032C}.Ad-Hoc|iPhone.Build.0 = Release|x86
		{A7094BBB-D402-4F9B-82C2-4A06D2E7032C}.Ad-Hoc|iPhone.Deploy.0 = Release|x86
		{A7094BBB-D402-4F9B-82C2-4A06D2E7032C}.Ad-Hoc|iPhoneSimulator.ActiveCfg = Release|x86
		{A7094BBB-D402-4F9B-82C2-4A06D2E7032C}.Ad-Hoc|iPhoneSimulator.Build.0 = Release|x86
		{A7094BBB-D402-4F9B-82C2-4A06D2E7032C}.Ad-Hoc|iPhoneSimulator.Deploy.0 = Release|x86
		{A7094BBB-D402-4F9B-82C2-4A06D2E7032C}.Ad-Hoc|x64.ActiveCfg = Release|x64
		{A7094BBB-D402-4F9B-82C2-4A06D2E7032C}.Ad-Hoc|x64.Build.0 = Release|x64
		{A7094BBB-D402-4F9B-82C2-4A06D2E7032C}.Ad-Hoc|x64.Deploy.0 = Release|x64
		{A7094BBB-D402-4F9B-82C2-4A06D2E7032C}.Ad-Hoc|x86.ActiveCfg = Release|x86
		{A7094BBB-D402-4F9B-82C2-4A06D2E7032C}.Ad-Hoc|x86.Build.0 = Release|x86
		{A7094BBB-D402-4F9B-82C2-4A06D2E7032C}.Ad-Hoc|x86.Deploy.0 = Release|x86
		{A7094BBB-D402-4F9B-82C2-4A06D2E7032C}.AppStore|Any CPU.ActiveCfg = Release|x86
		{A7094BBB-D402-4F9B-82C2-4A06D2E7032C}.AppStore|Any CPU.Build.0 = Release|x86
		{A7094BBB-D402-4F9B-82C2-4A06D2E7032C}.AppStore|Any CPU.Deploy.0 = Release|x86
		{A7094BBB-D402-4F9B-82C2-4A06D2E7032C}.AppStore|ARM.ActiveCfg = Release|ARM
		{A7094BBB-D402-4F9B-82C2-4A06D2E7032C}.AppStore|ARM.Build.0 = Release|ARM
		{A7094BBB-D402-4F9B-82C2-4A06D2E7032C}.AppStore|ARM.Deploy.0 = Release|ARM
		{A7094BBB-D402-4F9B-82C2-4A06D2E7032C}.AppStore|iPhone.ActiveCfg = Release|x86
		{A7094BBB-D402-4F9B-82C2-4A06D2E7032C}.AppStore|iPhone.Build.0 = Release|x86
		{A7094BBB-D402-4F9B-82C2-4A06D2E7032C}.AppStore|iPhone.Deploy.0 = Release|x86
		{A7094BBB-D402-4F9B-82C2-4A06D2E7032C}.AppStore|iPhoneSimulator.ActiveCfg = Release|x86
		{A7094BBB-D402-4F9B-82C2-4A06D2E7032C}.AppStore|iPhoneSimulator.Build.0 = Release|x86
		{A7094BBB-D402-4F9B-82C2-4A06D2E7032C}.AppStore|iPhoneSimulator.Deploy.0 = Release|x86
		{A7094BBB-D402-4F9B-82C2-4A06D2E7032C}.AppStore|x64.ActiveCfg = Release|x64
		{A7094BBB-D402-4F9B-82C2-4A06D2E7032C}.AppStore|x64.Build.0 = Release|x64
		{A7094BBB-D402-4F9B-82C2-4A06D2E7032C}.AppStore|x64.Deploy.0 = Release|x64
		{A7094BBB-D402-4F9B-82C2-4A06D2E7032C}.AppStore|x86.ActiveCfg = Release|x86
		{A7094BBB-D402-4F9B-82C2-4A06D2E7032C}.AppStore|x86.Build.0 = Release|x86
		{A7094BBB-D402-4F9B-82C2-4A06D2E7032C}.AppStore|x86.Deploy.0 = Release|x86
		{A7094BBB-D402-4F9B-82C2-4A06D2E7032C}.Debug|Any CPU.ActiveCfg = Debug|x86
		{A7094BBB-D402-4F9B-82C2-4A06D2E7032C}.Debug|Any CPU.Build.0 = Debug|x86
		{A7094BBB-D402-4F9B-82C2-4A06D2E7032C}.Debug|Any CPU.Deploy.0 = Debug|x86
		{A7094BBB-D402-4F9B-82C2-4A06D2E7032C}.Debug|ARM.ActiveCfg = Debug|ARM
		{A7094BBB-D402-4F9B-82C2-4A06D2E7032C}.Debug|ARM.Build.0 = Debug|ARM
		{A7094BBB-D402-4F9B-82C2-4A06D2E7032C}.Debug|ARM.Deploy.0 = Debug|ARM
		{A7094BBB-D402-4F9B-82C2-4A06D2E7032C}.Debug|iPhone.ActiveCfg = Debug|x86
		{A7094BBB-D402-4F9B-82C2-4A06D2E7032C}.Debug|iPhone.Build.0 = Debug|x86
		{A7094BBB-D402-4F9B-82C2-4A06D2E7032C}.Debug|iPhone.Deploy.0 = Debug|x86
		{A7094BBB-D402-4F9B-82C2-4A06D2E7032C}.Debug|iPhoneSimulator.ActiveCfg = Debug|x86
		{A7094BBB-D402-4F9B-82C2-4A06D2E7032C}.Debug|iPhoneSimulator.Build.0 = Debug|x86
		{A7094BBB-D402-4F9B-82C2-4A06D2E7032C}.Debug|iPhoneSimulator.Deploy.0 = Debug|x86
		{A7094BBB-D402-4F9B-82C2-4A06D2E7032C}.Debug|x64.ActiveCfg = Debug|x64
		{A7094BBB-D402-4F9B-82C2-4A06D2E7032C}.Debug|x64.Build.0 = Debug|x64
		{A7094BBB-D402-4F9B-82C2-4A06D2E7032C}.Debug|x64.Deploy.0 = Debug|x64
		{A7094BBB-D402-4F9B-82C2-4A06D2E7032C}.Debug|x86.ActiveCfg = Debug|x86
		{A7094BBB-D402-4F9B-82C2-4A06D2E7032C}.Debug|x86.Build.0 = Debug|x86
		{A7094BBB-D402-4F9B-82C2-4A06D2E7032C}.Debug|x86.Deploy.0 = Debug|x86
		{A7094BBB-D402-4F9B-82C2-4A06D2E7032C}.Release|Any CPU.ActiveCfg = Release|x86
		{A7094BBB-D402-4F9B-82C2-4A06D2E7032C}.Release|Any CPU.Build.0 = Release|x86
		{A7094BBB-D402-4F9B-82C2-4A06D2E7032C}.Release|Any CPU.Deploy.0 = Release|x86
		{A7094BBB-D402-4F9B-82C2-4A06D2E7032C}.Release|ARM.ActiveCfg = Release|ARM
		{A7094BBB-D402-4F9B-82C2-4A06D2E7032C}.Release|ARM.Build.0 = Release|ARM
		{A7094BBB-D402-4F9B-82C2-4A06D2E7032C}.Release|ARM.Deploy.0 = Release|ARM
		{A7094BBB-D402-4F9B-82C2-4A06D2E7032C}.Release|iPhone.ActiveCfg = Release|x86
		{A7094BBB-D402-4F9B-82C2-4A06D2E7032C}.Release|iPhone.Build.0 = Release|x86
		{A7094BBB-D402-4F9B-82C2-4A06D2E7032C}.Release|iPhone.Deploy.0 = Release|x86
		{A7094BBB-D402-4F9B-82C2-4A06D2E7032C}.Release|iPhoneSimulator.ActiveCfg = Release|x86
		{A7094BBB-D402-4F9B-82C2-4A06D2E7032C}.Release|iPhoneSimulator.Build.0 = Release|x86
		{A7094BBB-D402-4F9B-82C2-4A06D2E7032C}.Release|iPhoneSimulator.Deploy.0 = Release|x86
		{A7094BBB-D402-4F9B-82C2-4A06D2E7032C}.Release|x64.ActiveCfg = Release|x64
		{A7094BBB-D402-4F9B-82C2-4A06D2E7032C}.Release|x64.Build.0 = Release|x64
		{A7094BBB-D402-4F9B-82C2-4A06D2E7032C}.Release|x64.Deploy.0 = Release|x64
		{A7094BBB-D402-4F9B-82C2-4A06D2E7032C}.Release|x86.ActiveCfg = Release|x86
		{A7094BBB-D402-4F9B-82C2-4A06D2E7032C}.Release|x86.Build.0 = Release|x86
		{A7094BBB-D402-4F9B-82C2-4A06D2E7032C}.Release|x86.Deploy.0 = Release|x86
		{CB589715-B8A6-4CA9-80E2-9B9ED005016C}.Ad-Hoc|Any CPU.ActiveCfg = Debug|Any CPU
		{CB589715-B8A6-4CA9-80E2-9B9ED005016C}.Ad-Hoc|Any CPU.Build.0 = Debug|Any CPU
		{CB589715-B8A6-4CA9-80E2-9B9ED005016C}.Ad-Hoc|Any CPU.Deploy.0 = Debug|Any CPU
		{CB589715-B8A6-4CA9-80E2-9B9ED005016C}.Ad-Hoc|ARM.ActiveCfg = Debug|Any CPU
		{CB589715-B8A6-4CA9-80E2-9B9ED005016C}.Ad-Hoc|ARM.Build.0 = Debug|Any CPU
		{CB589715-B8A6-4CA9-80E2-9B9ED005016C}.Ad-Hoc|ARM.Deploy.0 = Debug|Any CPU
		{CB589715-B8A6-4CA9-80E2-9B9ED005016C}.Ad-Hoc|iPhone.ActiveCfg = Debug|Any CPU
		{CB589715-B8A6-4CA9-80E2-9B9ED005016C}.Ad-Hoc|iPhone.Build.0 = Debug|Any CPU
		{CB589715-B8A6-4CA9-80E2-9B9ED005016C}.Ad-Hoc|iPhone.Deploy.0 = Debug|Any CPU
		{CB589715-B8A6-4CA9-80E2-9B9ED005016C}.Ad-Hoc|iPhoneSimulator.ActiveCfg = Debug|Any CPU
		{CB589715-B8A6-4CA9-80E2-9B9ED005016C}.Ad-Hoc|iPhoneSimulator.Build.0 = Debug|Any CPU
		{CB589715-B8A6-4CA9-80E2-9B9ED005016C}.Ad-Hoc|iPhoneSimulator.Deploy.0 = Debug|Any CPU
		{CB589715-B8A6-4CA9-80E2-9B9ED005016C}.Ad-Hoc|x64.ActiveCfg = Debug|Any CPU
		{CB589715-B8A6-4CA9-80E2-9B9ED005016C}.Ad-Hoc|x64.Build.0 = Debug|Any CPU
		{CB589715-B8A6-4CA9-80E2-9B9ED005016C}.Ad-Hoc|x64.Deploy.0 = Debug|Any CPU
		{CB589715-B8A6-4CA9-80E2-9B9ED005016C}.Ad-Hoc|x86.ActiveCfg = Debug|Any CPU
		{CB589715-B8A6-4CA9-80E2-9B9ED005016C}.Ad-Hoc|x86.Build.0 = Debug|Any CPU
		{CB589715-B8A6-4CA9-80E2-9B9ED005016C}.Ad-Hoc|x86.Deploy.0 = Debug|Any CPU
		{CB589715-B8A6-4CA9-80E2-9B9ED005016C}.AppStore|Any CPU.ActiveCfg = Debug|Any CPU
		{CB589715-B8A6-4CA9-80E2-9B9ED005016C}.AppStore|Any CPU.Build.0 = Debug|Any CPU
		{CB589715-B8A6-4CA9-80E2-9B9ED005016C}.AppStore|Any CPU.Deploy.0 = Debug|Any CPU
		{CB589715-B8A6-4CA9-80E2-9B9ED005016C}.AppStore|ARM.ActiveCfg = Debug|Any CPU
		{CB589715-B8A6-4CA9-80E2-9B9ED005016C}.AppStore|ARM.Build.0 = Debug|Any CPU
		{CB589715-B8A6-4CA9-80E2-9B9ED005016C}.AppStore|ARM.Deploy.0 = Debug|Any CPU
		{CB589715-B8A6-4CA9-80E2-9B9ED005016C}.AppStore|iPhone.ActiveCfg = Debug|Any CPU
		{CB589715-B8A6-4CA9-80E2-9B9ED005016C}.AppStore|iPhone.Build.0 = Debug|Any CPU
		{CB589715-B8A6-4CA9-80E2-9B9ED005016C}.AppStore|iPhone.Deploy.0 = Debug|Any CPU
		{CB589715-B8A6-4CA9-80E2-9B9ED005016C}.AppStore|iPhoneSimulator.ActiveCfg = Debug|Any CPU
		{CB589715-B8A6-4CA9-80E2-9B9ED005016C}.AppStore|iPhoneSimulator.Build.0 = Debug|Any CPU
		{CB589715-B8A6-4CA9-80E2-9B9ED005016C}.AppStore|iPhoneSimulator.Deploy.0 = Debug|Any CPU
		{CB589715-B8A6-4CA9-80E2-9B9ED005016C}.AppStore|x64.ActiveCfg = Debug|Any CPU
		{CB589715-B8A6-4CA9-80E2-9B9ED005016C}.AppStore|x64.Build.0 = Debug|Any CPU
		{CB589715-B8A6-4CA9-80E2-9B9ED005016C}.AppStore|x64.Deploy.0 = Debug|Any CPU
		{CB589715-B8A6-4CA9-80E2-9B9ED005016C}.AppStore|x86.ActiveCfg = Debug|Any CPU
		{CB589715-B8A6-4CA9-80E2-9B9ED005016C}.AppStore|x86.Build.0 = Debug|Any CPU
		{CB589715-B8A6-4CA9-80E2-9B9ED005016C}.AppStore|x86.Deploy.0 = Debug|Any CPU
		{CB589715-B8A6-4CA9-80E2-9B9ED005016C}.Debug|Any CPU.ActiveCfg = Debug|Any CPU
		{CB589715-B8A6-4CA9-80E2-9B9ED005016C}.Debug|Any CPU.Build.0 = Debug|Any CPU
		{CB589715-B8A6-4CA9-80E2-9B9ED005016C}.Debug|Any CPU.Deploy.0 = Debug|Any CPU
		{CB589715-B8A6-4CA9-80E2-9B9ED005016C}.Debug|ARM.ActiveCfg = Debug|Any CPU
		{CB589715-B8A6-4CA9-80E2-9B9ED005016C}.Debug|ARM.Build.0 = Debug|Any CPU
		{CB589715-B8A6-4CA9-80E2-9B9ED005016C}.Debug|ARM.Deploy.0 = Debug|Any CPU
		{CB589715-B8A6-4CA9-80E2-9B9ED005016C}.Debug|iPhone.ActiveCfg = Debug|Any CPU
		{CB589715-B8A6-4CA9-80E2-9B9ED005016C}.Debug|iPhone.Build.0 = Debug|Any CPU
		{CB589715-B8A6-4CA9-80E2-9B9ED005016C}.Debug|iPhone.Deploy.0 = Debug|Any CPU
		{CB589715-B8A6-4CA9-80E2-9B9ED005016C}.Debug|iPhoneSimulator.ActiveCfg = Debug|Any CPU
		{CB589715-B8A6-4CA9-80E2-9B9ED005016C}.Debug|iPhoneSimulator.Build.0 = Debug|Any CPU
		{CB589715-B8A6-4CA9-80E2-9B9ED005016C}.Debug|iPhoneSimulator.Deploy.0 = Debug|Any CPU
		{CB589715-B8A6-4CA9-80E2-9B9ED005016C}.Debug|x64.ActiveCfg = Debug|Any CPU
		{CB589715-B8A6-4CA9-80E2-9B9ED005016C}.Debug|x64.Build.0 = Debug|Any CPU
		{CB589715-B8A6-4CA9-80E2-9B9ED005016C}.Debug|x64.Deploy.0 = Debug|Any CPU
		{CB589715-B8A6-4CA9-80E2-9B9ED005016C}.Debug|x86.ActiveCfg = Debug|Any CPU
		{CB589715-B8A6-4CA9-80E2-9B9ED005016C}.Debug|x86.Build.0 = Debug|Any CPU
		{CB589715-B8A6-4CA9-80E2-9B9ED005016C}.Debug|x86.Deploy.0 = Debug|Any CPU
		{CB589715-B8A6-4CA9-80E2-9B9ED005016C}.Release|Any CPU.ActiveCfg = Release|Any CPU
		{CB589715-B8A6-4CA9-80E2-9B9ED005016C}.Release|Any CPU.Build.0 = Release|Any CPU
		{CB589715-B8A6-4CA9-80E2-9B9ED005016C}.Release|Any CPU.Deploy.0 = Release|Any CPU
		{CB589715-B8A6-4CA9-80E2-9B9ED005016C}.Release|ARM.ActiveCfg = Release|Any CPU
		{CB589715-B8A6-4CA9-80E2-9B9ED005016C}.Release|ARM.Build.0 = Release|Any CPU
		{CB589715-B8A6-4CA9-80E2-9B9ED005016C}.Release|ARM.Deploy.0 = Release|Any CPU
		{CB589715-B8A6-4CA9-80E2-9B9ED005016C}.Release|iPhone.ActiveCfg = Release|Any CPU
		{CB589715-B8A6-4CA9-80E2-9B9ED005016C}.Release|iPhone.Build.0 = Release|Any CPU
		{CB589715-B8A6-4CA9-80E2-9B9ED005016C}.Release|iPhone.Deploy.0 = Release|Any CPU
		{CB589715-B8A6-4CA9-80E2-9B9ED005016C}.Release|iPhoneSimulator.ActiveCfg = Release|Any CPU
		{CB589715-B8A6-4CA9-80E2-9B9ED005016C}.Release|iPhoneSimulator.Build.0 = Release|Any CPU
		{CB589715-B8A6-4CA9-80E2-9B9ED005016C}.Release|iPhoneSimulator.Deploy.0 = Release|Any CPU
		{CB589715-B8A6-4CA9-80E2-9B9ED005016C}.Release|x64.ActiveCfg = Release|Any CPU
		{CB589715-B8A6-4CA9-80E2-9B9ED005016C}.Release|x64.Build.0 = Release|Any CPU
		{CB589715-B8A6-4CA9-80E2-9B9ED005016C}.Release|x64.Deploy.0 = Release|Any CPU
		{CB589715-B8A6-4CA9-80E2-9B9ED005016C}.Release|x86.ActiveCfg = Release|Any CPU
		{CB589715-B8A6-4CA9-80E2-9B9ED005016C}.Release|x86.Build.0 = Release|Any CPU
		{CB589715-B8A6-4CA9-80E2-9B9ED005016C}.Release|x86.Deploy.0 = Release|Any CPU
	EndGlobalSection
	GlobalSection(SolutionProperties) = preSolution
		HideSolutionNode = FALSE
	EndGlobalSection
	GlobalSection(ExtensibilityGlobals) = postSolution
		SolutionGuid = {64E01D44-6627-4364-8663-95E092E31DE4}
	EndGlobalSection
EndGlobal
